hash: 9097efc78cb1bd05d4c05d2d9c2b73577f1f524ac8841d1130973bafe090dcda
updated: 2017-07-21T15:54:10.867818657+02:00
imports:
- name: cloud.google.com/go
  version: 558b56dfa3c56acc26fef35cb07f97df0bb18b39
  subpackages:
  - compute/metadata
- name: code.cloudfoundry.org/bytefmt
  version: f4415fafc5619dd75599a54a7c91fb3948ad58bd
- name: github.com/ant0ine/go-json-rest
  version: 4127f183c172b25f51dbaaa2e035e8f262ac57fb
  subpackages:
  - rest
  - rest/trie
- name: github.com/asaskevich/govalidator
  version: 7b3beb6df3c42abd3509abfc3bcacc0fbfb7c877
- name: github.com/bshuster-repo/logrus-logstash-hook
  version: 41029b88e98c8b459ff27040389b69a4db2a8d07
- name: github.com/DATA-DOG/godog
  version: 70f777599da0f5de682b8848d356611c1738b695
  subpackages:
  - colors
  - gherkin
- name: github.com/dgrijalva/jwt-go
  version: d2709f9f1f31ebcda9651b03077758c1f3a0018c
- name: github.com/fiam/gounidecode
  version: 8deddbd03fec2c28969266e52f27b6fb22be1823
  subpackages:
  - unidecode
- name: github.com/fsnotify/fsnotify
  version: 4da3e2cfbabc9f751898f250b49f2439785783a1
- name: github.com/garyburd/redigo
  version: 433969511232c397de61b1442f9fd49ec06ae9ba
  subpackages:
  - internal
  - redis
- name: github.com/go-chi/chi
  version: 08660a0ad10a8fa7beab3ad43afe66373d49d06a
  subpackages:
  - middleware
- name: github.com/gogo/protobuf
  version: dda3e8acadcc9affc16faf33fbb229db78399245
  subpackages:
  - io
  - proto
- name: github.com/golang/protobuf
  version: 6a1fa9404c0aebf36c879bc50152edcc953910d2
  subpackages:
  - proto
- name: github.com/gorilla/context
  version: 08b5f424b9271eedf6f9f0ce86cb9396ed337a42
- name: github.com/gorilla/mux
  version: bcd8bc72b08df0f70df986b97f95590779502d31
- name: github.com/hashicorp/hcl
  version: 392dba7d905ed5d04a5794ba89f558b27e2ba1ca
  subpackages:
  - hcl/ast
  - hcl/parser
  - hcl/scanner
  - hcl/strconv
  - hcl/token
  - json/parser
  - json/scanner
  - json/token
- name: github.com/hellofresh/gcloud-opentracing
  version: 8c9c9c8a60b3d4b71ad91d6aa60cd24399f355a7
- name: github.com/hellofresh/health-go
  version: 9f26f204c38a93ce4e4ce9dcaad39de0ca6504d3
- name: github.com/hellofresh/logging-go
  version: e0dad001fe00320c380f9338e746beb0f832dca8
- name: github.com/hellofresh/stats-go
  version: 83a84ddeb556c898599e404ec82b01f995599927
  subpackages:
  - bucket
  - hooks
  - incrementer
  - state
  - timer
- name: github.com/inconshreveable/mousetrap
  version: 76626ae9c91c4f2a10f34cad8ce83ea42c93bb75
- name: github.com/kelseyhightower/envconfig
  version: f611eb38b3875cc3bd991ca91c51d06446afa14c
- name: github.com/Knetic/govaluate
  version: d216395917cc49052c7c7094cf57f09657ca08a8
- name: github.com/magiconair/properties
  version: 51463bfca2576e06c62a8504b5c0f06d61312647
- name: github.com/mitchellh/mapstructure
  version: d0303fe809921458f417bcf828397a65db30a7e4
- name: github.com/opentracing/basictracer-go
  version: 1b32af207119a14b1b231d451df3ed04a72efebf
  subpackages:
  - wire
- name: github.com/opentracing/opentracing-go
  version: 1949ddbfd147afd4d964a9f00b24eb291e0e7c38
  subpackages:
  - ext
  - log
- name: github.com/patrickmn/go-cache
  version: 7ac151875ffb48b9f3ccce9ea20f020b0c1596c8
- name: github.com/pelletier/go-toml
  version: 69d355db5304c0f7f809a2edc054553e7142f016
- name: github.com/pkg/errors
  version: 645ef00459ed84a119197bfb8d8205042c6df63d
- name: github.com/rs/cors
  version: 8dd4211afb5d08dbb39a533b9bb9e4b486351df6
- name: github.com/sirupsen/logrus
  version: a3f95b5c423586578a4e099b11a46c2479628cac
  subpackages:
  - hooks/syslog
- name: github.com/spf13/afero
  version: 9be650865eab0c12963d8753212f4f9c66cdcf12
  subpackages:
  - mem
- name: github.com/spf13/cast
  version: acbeb36b902d72a7a4c18e8f3241075e7ab763e4
- name: github.com/spf13/cobra
  version: 8c6fa02d2225de0f9bdcb7ca912556f68d172d8c
- name: github.com/spf13/jwalterweatherman
  version: 0efa5202c04663c757d84f90f5219c1250baf94f
- name: github.com/spf13/pflag
  version: e57e3eeb33f795204c1ca35f56c44f83227c6e66
- name: github.com/spf13/viper
  version: c1de95864d73a5465492829d7cb2dd422b19ac96
- name: github.com/tidwall/gjson
  version: c784c417818f59d6597274642d8ac1d09efc9b01
- name: github.com/tidwall/match
  version: 173748da739a410c5b0b813b956f89ff94730b4c
- name: github.com/ulule/limiter
  version: c242da0b4c9524723c5a2dc8e7d49c228d1bb33c
- name: golang.org/x/net
  version: ab5485076ff3407ad2d02db054635913f017b0ed
  subpackages:
  - context
  - context/ctxhttp
  - http2
- name: golang.org/x/oauth2
  version: cce311a261e6fcf29de72ca96827bdb0b7d9c9e6
  subpackages:
  - google
  - internal
  - jws
  - jwt
- name: golang.org/x/sync
  version: f52d1811a62927559de87708c8913c1650ce4f26
  subpackages:
  - semaphore
- name: golang.org/x/sys
  version: 94b76065f2d2081d0fef24a6e67c571f51a6408a
  subpackages:
  - unix
- name: golang.org/x/text
  version: 2bf8f2a19ec09c670e931282edfe6567f6be21c9
  subpackages:
  - transform
  - unicode/norm
- name: google.golang.org/api
  version: e6586c9293b9d514c7f5d5076731ec977cff1be6
  subpackages:
  - cloudtrace/v1
  - gensupport
  - googleapi
  - googleapi/internal/uritemplates
  - support/bundler
- name: google.golang.org/appengine
  version: d11fc8a8dccf41ab5bd3c51a3ea52051240e325c
  subpackages:
  - internal
  - internal/app_identity
  - internal/base
  - internal/datastore
  - internal/log
  - internal/modules
  - internal/remote_api
  - internal/urlfetch
  - urlfetch
- name: gopkg.in/alexcesaro/statsd.v2
  version: 7fea3f0d2fab1ad973e641e51dba45443a311a90
- name: gopkg.in/gemnasium/logrus-graylog-hook.v2
  version: daf02e0efe6f4dee3f7085184f5d527cf5cf0f6b
- name: gopkg.in/mgo.v2
  version: 3f83fa5005286a7fe593b055f0d7771a7dce4655
  subpackages:
  - bson
  - internal/json
  - internal/sasl
  - internal/scram
- name: gopkg.in/yaml.v2
  version: cd8b52f8269e0feb286dfeef29f8fe4d5b397e0b
- name: sourcegraph.com/sourcegraph/appdash
  version: 5b9b70908c0e32b53e17215ee6e9515b02ad08b2
  subpackages:
  - httptrace
  - internal/wire
  - opentracing
  - sqltrace
  - traceapp
  - traceapp/tmpl
- name: sourcegraph.com/sourcegraph/appdash-data
  version: 73f23eafcf67cad684fba328dd545a116ac273ff
testImports:
- name: github.com/davecgh/go-spew
  version: 6d212800a42e8ab5c146b8ace3490ee17e5225f9
  subpackages:
  - spew
- name: github.com/pmezard/go-difflib
  version: d8ed2627bdf02c080bf22230dbb337003b7aba2d
  subpackages:
  - difflib
- name: github.com/rafaeljusto/redigomock
  version: 7ae0511314e9946bb0c87d6d485169ab2467a290
- name: github.com/stretchr/testify
  version: 69483b4bd14f5845b5a1e55bca19e954e827f1d0
  subpackages:
  - assert
  - require
